
Microsoft Visual Studio Solution File, Format Version 12.00
# Visual Studio Version 17
VisualStudioVersion = 17.0.31903.59
MinimumVisualStudioVersion = 10.0.40219.1
Project("{2150E333-8FDC-42A3-9474-1A3956D46DE8}") = "OficinaMecanicaBackend", "OficinaMecanicaBackend", "{E39AC962-D953-4114-BD55-9C4A8844D68F}"
EndProject
Project("{2150E333-8FDC-42A3-9474-1A3956D46DE8}") = "src", "src", "{9B403C5A-0301-4BFC-914F-0A98333FFFF1}"
EndProject
Project("{FAE04EC0-301F-11D3-BF4B-00C04F79EFBC}") = "OficinaMecanicaBackend", "OficinaMecanicaBackend\src\OficinaMecanicaBackend\OficinaMecanicaBackend.csproj", "{E3008B34-EE08-4539-AD0B-786C65027BED}"
EndProject
Project("{2150E333-8FDC-42A3-9474-1A3956D46DE8}") = "tests", "tests", "{53AAEA7B-97BC-42D6-ABFA-93D48F1FE511}"
EndProject
Project("{FAE04EC0-301F-11D3-BF4B-00C04F79EFBC}") = "OficinaMecanicaBackend.Tests", "OficinaMecanicaBackend\tests\OficinaMecanicaBackend.Tests\OficinaMecanicaBackend.Tests.csproj", "{B800AD12-7B12-4890-BB7C-1E568C265C31}"
EndProject
Global
	GlobalSection(SolutionConfigurationPlatforms) = preSolution
		Debug|Any CPU = Debug|Any CPU
		Release|Any CPU = Release|Any CPU
	EndGlobalSection
	GlobalSection(SolutionProperties) = preSolution
		HideSolutionNode = FALSE
	EndGlobalSection
	GlobalSection(ProjectConfigurationPlatforms) = postSolution
		{E3008B34-EE08-4539-AD0B-786C65027BED}.Debug|Any CPU.ActiveCfg = Debug|Any CPU
		{E3008B34-EE08-4539-AD0B-786C65027BED}.Debug|Any CPU.Build.0 = Debug|Any CPU
		{E3008B34-EE08-4539-AD0B-786C65027BED}.Release|Any CPU.ActiveCfg = Release|Any CPU
		{E3008B34-EE08-4539-AD0B-786C65027BED}.Release|Any CPU.Build.0 = Release|Any CPU
		{B800AD12-7B12-4890-BB7C-1E568C265C31}.Debug|Any CPU.ActiveCfg = Debug|Any CPU
		{B800AD12-7B12-4890-BB7C-1E568C265C31}.Debug|Any CPU.Build.0 = Debug|Any CPU
		{B800AD12-7B12-4890-BB7C-1E568C265C31}.Release|Any CPU.ActiveCfg = Release|Any CPU
		{B800AD12-7B12-4890-BB7C-1E568C265C31}.Release|Any CPU.Build.0 = Release|Any CPU
	EndGlobalSection
	GlobalSection(NestedProjects) = preSolution
		{9B403C5A-0301-4BFC-914F-0A98333FFFF1} = {E39AC962-D953-4114-BD55-9C4A8844D68F}
		{E3008B34-EE08-4539-AD0B-786C65027BED} = {9B403C5A-0301-4BFC-914F-0A98333FFFF1}
		{53AAEA7B-97BC-42D6-ABFA-93D48F1FE511} = {E39AC962-D953-4114-BD55-9C4A8844D68F}
		{B800AD12-7B12-4890-BB7C-1E568C265C31} = {53AAEA7B-97BC-42D6-ABFA-93D48F1FE511}
	EndGlobalSection
EndGlobal
